# This file is autogenerated, do not edit; changes may be undone by the next 'dep ensure'.


[[projects]]
  digest = "1:644defdb08056e981dc8b8142d6582740a8efb9152585e42930ee28989ae8d23"
  name = "github.com/labstack/echo"
  packages = ["."]
  pruneopts = "UT"
  revision = "5b8fa6979f5803ff091e24c9a0331aa1b38de302"
  version = "v4.5.0"

[[projects]]
  digest = "1:9bc108827ac1d8783dea294f1ef07732fa4ca7d6e20518c04888a85828eba4ce"
  name = "github.com/labstack/gommon"
  packages = [
    "color",
    "log",
  ]
  pruneopts = "UT"
  revision = "4919956f6fb227b548f004da27c7c6b20fba499f"
  version = "v0.3.0"

[[projects]]
  digest = "1:304d25ecc3f4ca39f894c959254d3f5fc6176276ccf1f874ded0cd441e2f964f"
  name = "github.com/mattn/go-colorable"
  packages = ["."]
  pruneopts = "UT"
  revision = "2e1b0c1546e0173c0907cf05c67b8ba29ed8b4d1"
  version = "v0.1.8"

[[projects]]
  digest = "1:e66bb4fe1fb8b48e9bed410b198498cef8fa6701a5e3eb0ee7f07b74153a7fbc"
  name = "github.com/mattn/go-isatty"
  packages = ["."]
  pruneopts = "UT"
  revision = "504425e14f742f1f517c4586048b49b37f829c8e"
  version = "v0.0.14"

[[projects]]
  digest = "1:c468422f334a6b46a19448ad59aaffdfc0a36b08fdcc1c749a0b29b6453d7e59"
  name = "github.com/valyala/bytebufferpool"
  packages = ["."]
  pruneopts = "UT"
  revision = "e746df99fe4a3986f4d4f79e13c1e0117ce9c2f7"
  version = "v1.0.0"

[[projects]]
  digest = "1:d724474523928294ece8cc97e8d2371f27c7e6d3068bfa9ace93bd3105b4fdbd"
  name = "github.com/valyala/fasttemplate"
  packages = ["."]
  pruneopts = "UT"
  revision = "2275c48ed3e40f01fa347e220be31070a89b6ad4"
  version = "v1.2.1"

[[projects]]
  branch = "master"
  digest = "1:f0bb8328d133b133d6a202d2c0d4fbfb9bd610588b3fb0ad071eac0de48d8b6e"
  name = "golang.org/x/crypto"
  packages = [
    "acme",
    "acme/autocert",
  ]
  pruneopts = "UT"
  revision = "c084706c2272f3d44b722e988e70d4a58e60e7f4"

[[projects]]
  branch = "master"
  digest = "1:ae63745ea3d99c3c9e74fe953d53078c5168f350db2ded17ed83d4fa248056bb"
  name = "golang.org/x/net"
  packages = [
    "http/httpguts",
    "http2",
    "http2/h2c",
    "http2/hpack",
    "idna",
  ]
  pruneopts = "UT"
  revision = "12bc252f5db8613b006bfd531330e1f256da625c"

[[projects]]
  branch = "master"
  digest = "1:2b92a687133158923adee84123eb137cd161f81b8ec9a621cb16abfd22cc2a0e"
  name = "golang.org/x/sys"
  packages = [
    "internal/unsafeheader",
    "unix",
  ]
  pruneopts = "UT"
  revision = "ed5796bab16455f104b6a384d51b7f9990cb9806"

[[projects]]
  digest = "1:c9f99de7a59710d6160060a62e92e3c2899174af0b60cc8f4188eb98a5a0d1e6"
  name = "golang.org/x/text"
  packages = [
    "collate",
    "collate/build",
    "internal/colltab",
    "internal/gen",
    "internal/language",
    "internal/language/compact",
    "internal/tag",
    "internal/triegen",
    "internal/ucd",
    "language",
    "secure/bidirule",
    "transform",
    "unicode/bidi",
    "unicode/cldr",
    "unicode/norm",
    "unicode/rangetable",
  ]
  pruneopts = "UT"
  revision = "383b2e75a7a4198c42f8f87833eefb772868a56f"
  version = "v0.3.7"

[solve-meta]
  analyzer-name = "dep"
  analyzer-version = 1
  input-imports = ["github.com/labstack/echo"]
  solver-name = "gps-cdcl"
  solver-version = 1
